// !$*UTF8*$!
{
	archiveVersion = 1;
	classes = {
	};
	objectVersion = 46;
	objects = {

/* Begin PBXBuildFile section */
		CB27BC8520A9C8C70097B47D /* AppDelegate.swift in Sources */ = {isa = PBXBuildFile; fileRef = CB27BC8420A9C8C70097B47D /* AppDelegate.swift */; };
		CB27BC8720A9C8C70097B47D /* ViewController.swift in Sources */ = {isa = PBXBuildFile; fileRef = CB27BC8620A9C8C70097B47D /* ViewController.swift */; };
		CB27BC8A20A9C8C70097B47D /* Main.storyboard in Resources */ = {isa = PBXBuildFile; fileRef = CB27BC8820A9C8C70097B47D /* Main.storyboard */; };
		CB27BC8C20A9C8C70097B47D /* Assets.xcassets in Resources */ = {isa = PBXBuildFile; fileRef = CB27BC8B20A9C8C70097B47D /* Assets.xcassets */; };
		CB27BC8F20A9C8C80097B47D /* LaunchScreen.storyboard in Resources */ = {isa = PBXBuildFile; fileRef = CB27BC8D20A9C8C80097B47D /* LaunchScreen.storyboard */; };
/* End PBXBuildFile section */

/* Begin PBXFileReference section */
		CB27BC8120A9C8C70097B47D /* Hello, World.app */ = {isa = PBXFileReference; explicitFileType = wrapper.application; includeInIndex = 0; path = "Hello, World.app"; sourceTree = BUILT_PRODUCTS_DIR; };
		CB27BC8420A9C8C70097B47D /* AppDelegate.swift */ = {isa = PBXFileReference; lastKnownFileType = sourcecode.swift; path = AppDelegate.swift; sourceTree = "<group>"; };
		CB27BC8620A9C8C70097B47D /* ViewController.swift */ = {isa = PBXFileReference; lastKnownFileType = sourcecode.swift; path = ViewController.swift; sourceTree = "<group>"; };
		CB27BC8920A9C8C70097B47D /* Base */ = {isa = PBXFileReference; lastKnownFileType = file.storyboard; name = Base; path = Base.lproj/Main.storyboard; sourceTree = "<group>"; };
		CB27BC8B20A9C8C70097B47D /* Assets.xcassets */ = {isa = PBXFileReference; lastKnownFileType = folder.assetcatalog; path = Assets.xcassets; sourceTree = "<group>"; };
		CB27BC8E20A9C8C80097B47D /* Base */ = {isa = PBXFileReference; lastKnownFileType = file.storyboard; name = Base; path = Base.lproj/LaunchScreen.storyboard; sourceTree = "<group>"; };
		CB27BC9020A9C8C80097B47D /* Info.plist */ = {isa = PBXFileReference; lastKnownFileType = text.plist.xml; path = Info.plist; sourceTree = "<group>"; };
/* End PBXFileReference section */

/* Begin PBXFrameworksBuildPhase section */
		CB27BC7E20A9C8C70097B47D /* Frameworks */ = {
			isa = PBXFrameworksBuildPhase;
			buildActionMask = 2147483647;
			files = (
			);
			runOnlyForDeploymentPostprocessing = 0;
		};
/* End PBXFrameworksBuildPhase section */

/* Begin PBXGroup section */
		CB27BC7820A9C8C70097B47D = {
			isa = PBXGroup;
			children = (
				CB27BC8320A9C8C70097B47D /* Hello, World */,
				CB27BC8220A9C8C70097B47D /* Products */,
			);
			sourceTree = "<group>";
		};
		CB27BC8220A9C8C70097B47D /* Products */ = {
			isa = PBXGroup;
			children = (
				CB27BC8120A9C8C70097B47D /* Hello, World.app */,
			);
			name = Products;
			sourceTree = "<group>";
		};
		CB27BC8320A9C8C70097B47D /* Hello, World */ = {
			isa = PBXGroup;
			children = (
				CB27BC8420A9C8C70097B47D /* AppDelegate.swift */,
				CB27BC8620A9C8C70097B47D /* ViewController.swift */,
				CB27BC8820A9C8C70097B47D /* Main.storyboard */,
				CB27BC8B20A9C8C70097B47D /* Assets.xcassets */,
				CB27BC8D20A9C8C80097B47D /* LaunchScreen.storyboard */,
				CB27BC9020A9C8C80097B47D /* Info.plist */,
			);
			path = "Hello, World";
			sourceTree = "<group>";
		};
/* End PBXGroup section */

/* Begin PBXNativeTarget section */
		CB27BC8020A9C8C70097B47D /* Hello, World */ = {
			isa = PBXNativeTarget;
			buildConfigurationList = CB27BC9320A9C8C80097B47D /* Build configuration list for PBXNativeTarget "Hello, World" */;
			buildPhases = (
				CB27BC7D20A9C8C70097B47D /* Sources */,
				CB27BC7E20A9C8C70097B47D /* Frameworks */,
				CB27BC7F20A9C8C70097B47D /* Resources */,
			);
			buildRules = (
			);
			dependencies = (
			);
			name = "Hello, World";
			productName = "Hello, World";
			productReference = CB27BC8120A9C8C70097B47D /* Hello, World.app */;
			productType = "com.apple.product-type.application";
		};
/* End PBXNativeTarget section */

/* Begin PBXProject section */
		CB27BC7920A9C8C70097B47D /* Project object */ = {
			isa = PBXProject;
			attributes = {
				LastSwiftUpdateCheck = 0830;
				LastUpgradeCheck = 0830;
				ORGANIZATIONNAME = sainokimi;
				TargetAttributes = {
					CB27BC8020A9C8C70097B47D = {
						CreatedOnToolsVersion = 8.3.3;
						ProvisioningStyle = Automatic;
					};
				};
			};
			buildConfigurationList = CB27BC7C20A9C8C70097B47D /* Build configuration list for PBXProject "Hello, World" */;
			compatibilityVersion = "Xcode 3.2";
			developmentRegion = English;
			hasScannedForEncodings = 0;
			knownRegions = (
				en,
				Base,
			);
			mainGroup = CB27BC7820A9C8C70097B47D;
			productRefGroup = CB27BC8220A9C8C70097B47D /* Products */;
			projectDirPath = "";
			projectRoot = "";
			targets = (
				CB27BC8020A9C8C70097B47D /* Hello, World */,
			);
		};
/* End PBXProject section */

/* Begin PBXResourcesBuildPhase section */
		CB27BC7F20A9C8C70097B47D /* Resources */ = {
			isa = PBXResourcesBuildPhase;
			buildActionMask = 2147483647;
			files = (
				CB27BC8F20A9C8C80097B47D /* LaunchScreen.storyboard in Resources */,
				CB27BC8C20A9C8C70097B47D /* Assets.xcassets in Resources */,
				CB27BC8A20A9C8C70097B47D /* Main.storyboard in Resources */,
			);
			runOnlyForDeploymentPostprocessing = 0;
		};
/* End PBXResourcesBuildPhase section */

/* Begin PBXSourcesBuildPhase section */
		CB27BC7D20A9C8C70097B47D /* Sources */ = {
			isa = PBXSourcesBuildPhase;
			buildActionMask = 2147483647;
			files = (
				CB27BC8720A9C8C70097B47D /* ViewController.swift in Sources */,
				CB27BC8520A9C8C70097B47D /* AppDelegate.swift in Sources */,
			);
			runOnlyForDeploymentPostprocessing = 0;
		};
/* End PBXSourcesBuildPhase section */

/* Begin PBXVariantGroup section */
		CB27BC8820A9C8C70097B47D /* Main.storyboard */ = {
			isa = PBXVariantGroup;
			children = (
				CB27BC8920A9C8C70097B47D /* Base */,
			);
			name = Main.storyboard;
			sourceTree = "<group>";
		};
		CB27BC8D20A9C8C80097B47D /* LaunchScreen.storyboard */ = {
			isa = PBXVariantGroup;
			children = (
				CB27BC8E20A9C8C80097B47D /* Base */,
			);
			name = LaunchScreen.storyboard;
			sourceTree = "<group>";
		};
/* End PBXVariantGroup section */

/* Begin XCBuildConfiguration section */
		CB27BC9120A9C8C80097B47D /* Debug */ = {
			isa = XCBuildConfiguration;
			buildSettings = {
				ALWAYS_SEARCH_USER_PATHS = NO;
				CLANG_ANALYZER_NONNULL = YES;
				CLANG_ANALYZER_NUMBER_OBJECT_CONVERSION = YES_AGGRESSIVE;
				CLANG_CXX_LANGUAGE_STANDARD = "gnu++0x";
				CLANG_CXX_LIBRARY = "libc++";
				CLANG_ENABLE_MODULES = YES;
				CLANG_ENABLE_OBJC_ARC = YES;
				CLANG_WARN_BOOL_CONVERSION = YES;
				CLANG_WARN_CONSTANT_CONVERSION = YES;
				CLANG_WARN_DIRECT_OBJC_ISA_USAGE = YES_ERROR;
				CLANG_WARN_DOCUMENTATION_COMMENTS = YES;
				CLANG_WARN_EMPTY_BODY = YES;
				CLANG_WARN_ENUM_CONVERSION = YES;
				CLANG_WARN_INFINITE_RECURSION = YES;
				CLANG_WARN_INT_CONVERSION = YES;
				CLANG_WARN_OBJC_ROOT_CLASS = YES_ERROR;
				CLANG_WARN_SUSPICIOUS_MOVE = YES;
				CLANG_WARN_UNREACHABLE_CODE = YES;
				CLANG_WARN__DUPLICATE_METHOD_MATCH = YES;
				"CODE_SIGN_IDENTITY[sdk=iphoneos*]" = "iPhone Developer";
				COPY_PHASE_STRIP = NO;
				DEBUG_INFORMATION_FORMAT = dwarf;
				ENABLE_STRICT_OBJC_MSGSEND = YES;
				ENABLE_TESTABILITY = YES;
				GCC_C_LANGUAGE_STANDARD = gnu99;
				GCC_DYNAMIC_NO_PIC = NO;
				GCC_NO_COMMON_BLOCKS = YES;
				GCC_OPTIMIZATION_LEVEL = 0;
				GCC_PREPROCESSOR_DEFINITIONS = (
					"DEBUG=1",
					"$(inherited)",
				);
				GCC_WARN_64_TO_32_BIT_CONVERSION = YES;
				GCC_WARN_ABOUT_RETURN_TYPE = YES_ERROR;
				GCC_WARN_UNDECLARED_SELECTOR = YES;
				GCC_WARN_UNINITIALIZED_AUTOS = YES_AGGRESSIVE;
				GCC_WARN_UNUSED_FUNCTION = YES;
				GCC_WARN_UNUSED_VARIABLE = YES;
				IPHONEOS_DEPLOYMENT_TARGET = 10.3;
				MTL_ENABLE_DEBUG_INFO = YES;
				ONLY_ACTIVE_ARCH = YES;
				SDKROOT = iphoneos;
				SWIFT_ACTIVE_COMPILATION_CONDITIONS = DEBUG;
				SWIFT_OPTIMIZATION_LEVEL = "-Onone";
			};
			name = Debug;
		};
		CB27BC9220A9C8C80097B47D /* Release */ = {
			isa = XCBuildConfiguration;
			buildSettings = {
				ALWAYS_SEARCH_USER_PATHS = NO;
				CLANG_ANALYZER_NONNULL = YES;
				CLANG_ANALYZER_NUMBER_OBJECT_CONVERSION = YES_AGGRESSIVE;
				CLANG_CXX_LANGUAGE_STANDARD = "gnu++0x";
				CLANG_CXX_LIBRARY = "libc++";
				CLANG_ENABLE_MODULES = YES;
				CLANG_ENABLE_OBJC_ARC = YES;
				CLANG_WARN_BOOL_CONVERSION = YES;
				CLANG_WARN_CONSTANT_CONVERSION = YES;
				CLANG_WARN_DIRECT_OBJC_ISA_USAGE = YES_ERROR;
				CLANG_WARN_DOCUMENTATION_COMMENTS = YES;
				CLANG_WARN_EMPTY_BODY = YES;
				CLANG_WARN_ENUM_CONVERSION = YES;
				CLANG_WARN_INFINITE_RECURSION = YES;
				CLANG_WARN_INT_CONVERSION = YES;
				CLANG_WARN_OBJC_ROOT_CLASS = YES_ERROR;
				CLANG_WARN_SUSPICIOUS_MOVE = YES;
				CLANG_WARN_UNREACHABLE_CODE = YES;
				CLANG_WARN__DUPLICATE_METHOD_MATCH = YES;
				"CODE_SIGN_IDENTITY[sdk=iphoneos*]" = "iPhone Developer";
				COPY_PHASE_STRIP = NO;
				DEBUG_INFORMATION_FORMAT = "dwarf-with-dsym";
				ENABLE_NS_ASSERTIONS = NO;
				ENABLE_STRICT_OBJC_MSGSEND = YES;
				GCC_C_LANGUAGE_STANDARD = gnu99;
				GCC_NO_COMMON_BLOCKS = YES;
				GCC_WARN_64_TO_32_BIT_CONVERSION = YES;
				GCC_WARN_ABOUT_RETURN_TYPE = YES_ERROR;
				GCC_WARN_UNDECLARED_SELECTOR = YES;
				GCC_WARN_UNINITIALIZED_AUTOS = YES_AGGRESSIVE;
				GCC_WARN_UNUSED_FUNCTION = YES;
				GCC_WARN_UNUSED_VARIABLE = YES;
				IPHONEOS_DEPLOYMENT_TARGET = 10.3;
				MTL_ENABLE_DEBUG_INFO = NO;
				SDKROOT = iphoneos;
				SWIFT_OPTIMIZATION_LEVEL = "-Owholemodule";
				VALIDATE_PRODUCT = YES;
			};
			name = Release;
		};
		CB27BC9420A9C8C80097B47D /* Debug */ = {
			isa = XCBuildConfiguration;
			buildSettings = {
				ASSETCATALOG_COMPILER_APPICON_NAME = AppIcon;
				INFOPLIST_FILE = "Hello, World/Info.plist";
				IPHONEOS_DEPLOYMENT_TARGET = 11.0;
				LD_RUNPATH_SEARCH_PATHS = "$(inherited) @executable_path/Frameworks";
				PRODUCT_BUNDLE_IDENTIFIER = "jp.techacademy-sainokimi.Hello--World";
				PRODUCT_NAME = "$(TARGET_NAME)";
				SWIFT_VERSION = 3.0;
			};
			name = Debug;
		};
		CB27BC9520A9C8C80097B47D /* Release */ = {
			isa = XCBuildConfiguration;
			buildSettings = {
				ASSETCATALOG_COMPILER_APPICON_NAME = AppIcon;
				INFOPLIST_FILE = "Hello, World/Info.plist";
				IPHONEOS_DEPLOYMENT_TARGET = 11.0;
				LD_RUNPATH_SEARCH_PATHS = "$(inherited) @executable_path/Frameworks";
				PRODUCT_BUNDLE_IDENTIFIER = "jp.techacademy-sainokimi.Hello--World";
				PRODUCT_NAME = "$(TARGET_NAME)";
				SWIFT_VERSION = 3.0;
			};
			name = Release;
		};
/* End XCBuildConfiguration section */

/* Begin XCConfigurationList section */
		CB27BC7C20A9C8C70097B47D /* Build configuration list for PBXProject "Hello, World" */ = {
			isa = XCConfigurationList;
			buildConfigurations = (
				CB27BC9120A9C8C80097B47D /* Debug */,
				CB27BC9220A9C8C80097B47D /* Release */,
			);
			defaultConfigurationIsVisible = 0;
			defaultConfigurationName = Release;
		};
		CB27BC9320A9C8C80097B47D /* Build configuration list for PBXNativeTarget "Hello, World" */ = {
			isa = XCConfigurationList;
			buildConfigurations = (
				CB27BC9420A9C8C80097B47D /* Debug */,
				CB27BC9520A9C8C80097B47D /* Release */,
			);
			defaultConfigurationIsVisible = 0;
			defaultConfigurationName = Release;
		};
/* End XCConfigurationList section */
	};
	rootObject = CB27BC7920A9C8C70097B47D /* Project object */;
}
